
Microsoft Visual Studio Solution File, Format Version 12.00
# Visual Studio Version 16
VisualStudioVersion = 16.0.29728.190
MinimumVisualStudioVersion = 10.0.40219.1
Project("{9A19103F-16F7-4668-BE54-9A1E7A4F7556}") = "CareerCloud.Pocos", "CareerCloud.Pocos\CareerCloud.Pocos.csproj", "{9127CE2B-DBE0-47DC-B2FC-461507C7228C}"
EndProject
Project("{9A19103F-16F7-4668-BE54-9A1E7A4F7556}") = "CareerCloudCore.UnitTests.Assignment1", "CareerCloudCore.UnitTests.Assignment1\CareerCloudCore.UnitTests.Assignment1.csproj", "{20065C74-464D-4D82-90B9-25365464AB19}"
EndProject
Project("{9A19103F-16F7-4668-BE54-9A1E7A4F7556}") = "CareerCloud.ADODataAccessLayer", "CareerCloud.ADODataAccessLayer\CareerCloud.ADODataAccessLayer.csproj", "{A708ED94-6AC8-4F3D-BCFF-2E715DF8080F}"
EndProject
Project("{9A19103F-16F7-4668-BE54-9A1E7A4F7556}") = "CareerCloud.DataAccessLayer", "CareerCloud.DataAccessLayer\CareerCloud.DataAccessLayer.csproj", "{6D6F0CDE-6AFB-43ED-96B9-C5EF675B9DC7}"
EndProject
Project("{9A19103F-16F7-4668-BE54-9A1E7A4F7556}") = "CareerCloudCore.UnitTests.Assignment2", "CareerCloudCore.UnitTests.Assignment2-master\CareerCloudCore.UnitTests.Assignment2.csproj", "{2158F370-CBA0-4013-A5F8-249EEB62DA90}"
EndProject
Project("{9A19103F-16F7-4668-BE54-9A1E7A4F7556}") = "ConsoleApp", "ConsoleApp\ConsoleApp.csproj", "{FAE3A243-0EFB-4049-B55B-8E87F7ADEBB9}"
EndProject
Project("{9A19103F-16F7-4668-BE54-9A1E7A4F7556}") = "CareerCloud.BusinessLogicLayer", "CareerCloud.BusinessLogicLayer\CareerCloud.BusinessLogicLayer.csproj", "{33D09A47-6DD8-45CD-8074-EAFCE122C32A}"
EndProject
Project("{9A19103F-16F7-4668-BE54-9A1E7A4F7556}") = "CareerCloudCore.UnitTests.Assignment3", "CareerCloudCore.UnitTests.Assignment3-master\CareerCloudCore.UnitTests.Assignment3.csproj", "{B55F1769-931E-480C-AFF6-B1C94ABFC226}"
EndProject
Project("{9A19103F-16F7-4668-BE54-9A1E7A4F7556}") = "CareerCloud.EntityFrameworkDataAccess", "CareerCloud.EntityFrameworkDataAccess\CareerCloud.EntityFrameworkDataAccess.csproj", "{91499FD3-2A2B-4FA8-811F-10DAD90794DC}"
EndProject
Project("{9A19103F-16F7-4668-BE54-9A1E7A4F7556}") = "CareerCloudCore.UnitTests.Assignment4", "CareerCloudCore.UnitTests.Assignment4-master\CareerCloudCore.UnitTests.Assignment4.csproj", "{BAE0B377-AA28-4137-8C1A-0FDC3AB357E9}"
EndProject
Project("{FAE04EC0-301F-11D3-BF4B-00C04F79EFBC}") = "CareerCloud.WebAPI", "CareerCloud.WebAPI\CareerCloud.WebAPI.csproj", "{07B8851E-C399-4F70-97D7-757F3E7E66A7}"
EndProject
Project("{9A19103F-16F7-4668-BE54-9A1E7A4F7556}") = "CareerCloudCore.UnitTests.Assignment5", "CareerCloudCore.UnitTests.Assignment5-master\CareerCloudCore.UnitTests.Assignment5.csproj", "{CA5F16B7-D0AD-4B5B-A17E-6525D32B6FF7}"
EndProject
Global
	GlobalSection(SolutionConfigurationPlatforms) = preSolution
		Debug|Any CPU = Debug|Any CPU
		Release|Any CPU = Release|Any CPU
	EndGlobalSection
	GlobalSection(ProjectConfigurationPlatforms) = postSolution
		{9127CE2B-DBE0-47DC-B2FC-461507C7228C}.Debug|Any CPU.ActiveCfg = Debug|Any CPU
		{9127CE2B-DBE0-47DC-B2FC-461507C7228C}.Debug|Any CPU.Build.0 = Debug|Any CPU
		{9127CE2B-DBE0-47DC-B2FC-461507C7228C}.Release|Any CPU.ActiveCfg = Release|Any CPU
		{9127CE2B-DBE0-47DC-B2FC-461507C7228C}.Release|Any CPU.Build.0 = Release|Any CPU
		{20065C74-464D-4D82-90B9-25365464AB19}.Debug|Any CPU.ActiveCfg = Debug|Any CPU
		{20065C74-464D-4D82-90B9-25365464AB19}.Debug|Any CPU.Build.0 = Debug|Any CPU
		{20065C74-464D-4D82-90B9-25365464AB19}.Release|Any CPU.ActiveCfg = Release|Any CPU
		{20065C74-464D-4D82-90B9-25365464AB19}.Release|Any CPU.Build.0 = Release|Any CPU
		{A708ED94-6AC8-4F3D-BCFF-2E715DF8080F}.Debug|Any CPU.ActiveCfg = Debug|Any CPU
		{A708ED94-6AC8-4F3D-BCFF-2E715DF8080F}.Debug|Any CPU.Build.0 = Debug|Any CPU
		{A708ED94-6AC8-4F3D-BCFF-2E715DF8080F}.Release|Any CPU.ActiveCfg = Release|Any CPU
		{A708ED94-6AC8-4F3D-BCFF-2E715DF8080F}.Release|Any CPU.Build.0 = Release|Any CPU
		{6D6F0CDE-6AFB-43ED-96B9-C5EF675B9DC7}.Debug|Any CPU.ActiveCfg = Debug|Any CPU
		{6D6F0CDE-6AFB-43ED-96B9-C5EF675B9DC7}.Debug|Any CPU.Build.0 = Debug|Any CPU
		{6D6F0CDE-6AFB-43ED-96B9-C5EF675B9DC7}.Release|Any CPU.ActiveCfg = Release|Any CPU
		{6D6F0CDE-6AFB-43ED-96B9-C5EF675B9DC7}.Release|Any CPU.Build.0 = Release|Any CPU
		{2158F370-CBA0-4013-A5F8-249EEB62DA90}.Debug|Any CPU.ActiveCfg = Debug|Any CPU
		{2158F370-CBA0-4013-A5F8-249EEB62DA90}.Debug|Any CPU.Build.0 = Debug|Any CPU
		{2158F370-CBA0-4013-A5F8-249EEB62DA90}.Release|Any CPU.ActiveCfg = Release|Any CPU
		{2158F370-CBA0-4013-A5F8-249EEB62DA90}.Release|Any CPU.Build.0 = Release|Any CPU
		{FAE3A243-0EFB-4049-B55B-8E87F7ADEBB9}.Debug|Any CPU.ActiveCfg = Debug|Any CPU
		{FAE3A243-0EFB-4049-B55B-8E87F7ADEBB9}.Debug|Any CPU.Build.0 = Debug|Any CPU
		{FAE3A243-0EFB-4049-B55B-8E87F7ADEBB9}.Release|Any CPU.ActiveCfg = Release|Any CPU
		{FAE3A243-0EFB-4049-B55B-8E87F7ADEBB9}.Release|Any CPU.Build.0 = Release|Any CPU
		{33D09A47-6DD8-45CD-8074-EAFCE122C32A}.Debug|Any CPU.ActiveCfg = Debug|Any CPU
		{33D09A47-6DD8-45CD-8074-EAFCE122C32A}.Debug|Any CPU.Build.0 = Debug|Any CPU
		{33D09A47-6DD8-45CD-8074-EAFCE122C32A}.Release|Any CPU.ActiveCfg = Release|Any CPU
		{33D09A47-6DD8-45CD-8074-EAFCE122C32A}.Release|Any CPU.Build.0 = Release|Any CPU
		{B55F1769-931E-480C-AFF6-B1C94ABFC226}.Debug|Any CPU.ActiveCfg = Debug|Any CPU
		{B55F1769-931E-480C-AFF6-B1C94ABFC226}.Debug|Any CPU.Build.0 = Debug|Any CPU
		{B55F1769-931E-480C-AFF6-B1C94ABFC226}.Release|Any CPU.ActiveCfg = Release|Any CPU
		{B55F1769-931E-480C-AFF6-B1C94ABFC226}.Release|Any CPU.Build.0 = Release|Any CPU
		{91499FD3-2A2B-4FA8-811F-10DAD90794DC}.Debug|Any CPU.ActiveCfg = Debug|Any CPU
		{91499FD3-2A2B-4FA8-811F-10DAD90794DC}.Debug|Any CPU.Build.0 = Debug|Any CPU
		{91499FD3-2A2B-4FA8-811F-10DAD90794DC}.Release|Any CPU.ActiveCfg = Release|Any CPU
		{91499FD3-2A2B-4FA8-811F-10DAD90794DC}.Release|Any CPU.Build.0 = Release|Any CPU
		{BAE0B377-AA28-4137-8C1A-0FDC3AB357E9}.Debug|Any CPU.ActiveCfg = Debug|Any CPU
		{BAE0B377-AA28-4137-8C1A-0FDC3AB357E9}.Debug|Any CPU.Build.0 = Debug|Any CPU
		{BAE0B377-AA28-4137-8C1A-0FDC3AB357E9}.Release|Any CPU.ActiveCfg = Release|Any CPU
		{BAE0B377-AA28-4137-8C1A-0FDC3AB357E9}.Release|Any CPU.Build.0 = Release|Any CPU
		{07B8851E-C399-4F70-97D7-757F3E7E66A7}.Debug|Any CPU.ActiveCfg = Debug|Any CPU
		{07B8851E-C399-4F70-97D7-757F3E7E66A7}.Debug|Any CPU.Build.0 = Debug|Any CPU
		{07B8851E-C399-4F70-97D7-757F3E7E66A7}.Release|Any CPU.ActiveCfg = Release|Any CPU
		{07B8851E-C399-4F70-97D7-757F3E7E66A7}.Release|Any CPU.Build.0 = Release|Any CPU
		{CA5F16B7-D0AD-4B5B-A17E-6525D32B6FF7}.Debug|Any CPU.ActiveCfg = Debug|Any CPU
		{CA5F16B7-D0AD-4B5B-A17E-6525D32B6FF7}.Debug|Any CPU.Build.0 = Debug|Any CPU
		{CA5F16B7-D0AD-4B5B-A17E-6525D32B6FF7}.Release|Any CPU.ActiveCfg = Release|Any CPU
		{CA5F16B7-D0AD-4B5B-A17E-6525D32B6FF7}.Release|Any CPU.Build.0 = Release|Any CPU
	EndGlobalSection
	GlobalSection(SolutionProperties) = preSolution
		HideSolutionNode = FALSE
	EndGlobalSection
	GlobalSection(ExtensibilityGlobals) = postSolution
		SolutionGuid = {0297ABDF-1CC7-4C5D-B202-018E62A00102}
	EndGlobalSection
EndGlobal
